
Microsoft Visual Studio Solution File, Format Version 12.00
# Visual Studio Version 17
VisualStudioVersion = 17.4.33103.184
MinimumVisualStudioVersion = 10.0.40219.1
Project("{FAE04EC0-301F-11D3-BF4B-00C04F79EFBC}") = "GodVis", "GodVis\GodVis.csproj", "{3AF80E95-11ED-4CDF-A8E7-3E000AE64879}"
EndProject
Global
	GlobalSection(SolutionConfigurationPlatforms) = preSolution
		Debug|Any CPU = Debug|Any CPU
		Release|Any CPU = Release|Any CPU
	EndGlobalSection
	GlobalSection(ProjectConfigurationPlatforms) = postSolution
		{3AF80E95-11ED-4CDF-A8E7-3E000AE64879}.Debug|Any CPU.ActiveCfg = Debug|Any CPU
		{3AF80E95-11ED-4CDF-A8E7-3E000AE64879}.Debug|Any CPU.Build.0 = Debug|Any CPU
		{3AF80E95-11ED-4CDF-A8E7-3E000AE64879}.Release|Any CPU.ActiveCfg = Release|Any CPU
		{3AF80E95-11ED-4CDF-A8E7-3E000AE64879}.Release|Any CPU.Build.0 = Release|Any CPU
	EndGlobalSection
	GlobalSection(SolutionProperties) = preSolution
		HideSolutionNode = FALSE
	EndGlobalSection
	GlobalSection(ExtensibilityGlobals) = postSolution
		SolutionGuid = {51277FFC-BC77-4BA7-87F8-BB635F6B46BD}
	EndGlobalSection
EndGlobal
